
Microsoft Visual Studio Solution File, Format Version 12.00
# Visual Studio 15
VisualStudioVersion = 15.0.28307.271
MinimumVisualStudioVersion = 10.0.40219.1
Project("{FAE04EC0-301F-11D3-BF4B-00C04F79EFBC}") = "FigureCalc", "FigureCalc\FigureCalc.csproj", "{C283D9D0-B40A-49E3-B89A-82F24B4E8A51}"
EndProject
Project("{FAE04EC0-301F-11D3-BF4B-00C04F79EFBC}") = "FigureCalc.Tests", "FigureCalc.Tests\FigureCalc.Tests.csproj", "{65D48998-5FD5-44C7-932C-75A0AEE4D290}"
EndProject
Global
	GlobalSection(SolutionConfigurationPlatforms) = preSolution
		Debug|Any CPU = Debug|Any CPU
		Release|Any CPU = Release|Any CPU
	EndGlobalSection
	GlobalSection(ProjectConfigurationPlatforms) = postSolution
		{C283D9D0-B40A-49E3-B89A-82F24B4E8A51}.Debug|Any CPU.ActiveCfg = Debug|Any CPU
		{C283D9D0-B40A-49E3-B89A-82F24B4E8A51}.Debug|Any CPU.Build.0 = Debug|Any CPU
		{C283D9D0-B40A-49E3-B89A-82F24B4E8A51}.Release|Any CPU.ActiveCfg = Release|Any CPU
		{C283D9D0-B40A-49E3-B89A-82F24B4E8A51}.Release|Any CPU.Build.0 = Release|Any CPU
		{65D48998-5FD5-44C7-932C-75A0AEE4D290}.Debug|Any CPU.ActiveCfg = Debug|Any CPU
		{65D48998-5FD5-44C7-932C-75A0AEE4D290}.Debug|Any CPU.Build.0 = Debug|Any CPU
		{65D48998-5FD5-44C7-932C-75A0AEE4D290}.Release|Any CPU.ActiveCfg = Release|Any CPU
		{65D48998-5FD5-44C7-932C-75A0AEE4D290}.Release|Any CPU.Build.0 = Release|Any CPU
	EndGlobalSection
	GlobalSection(SolutionProperties) = preSolution
		HideSolutionNode = FALSE
	EndGlobalSection
	GlobalSection(ExtensibilityGlobals) = postSolution
		SolutionGuid = {393A69B4-2088-49AC-B2DE-3D384E9BC0D6}
	EndGlobalSection
EndGlobal
